# Generated by pub
# See https://dart.dev/tools/pub/glossary#lockfile
packages:
  collection:
    dependency: transitive
    description:
      name: collection
      sha256: "2f5709ae4d3d59dd8f7cd309b4e023046b57d8a6c82130785d2b0e5868084e76"
      url: "https://pub.dev"
    source: hosted
    version: "1.19.1"
  convertlib:
    dependency: transitive
    description:
      name: convertlib
      sha256: "5874961a2c30a76b65363550897f58d6980deec67320bbfa8021b45cb2797c9c"
      url: "https://pub.dev"
    source: hosted
    version: "3.6.1"
  crypto:
    dependency: transitive
    description:
      name: crypto
      sha256: c8ea0233063ba03258fbcf2ca4d6dadfefe14f02fab57702265467a19f27fadf
      url: "https://pub.dev"
    source: hosted
    version: "3.0.7"
  hashlib:
    dependency: transitive
    description:
      name: hashlib
      sha256: b998d270c41c782d4e75e8fd19c8f43b64070f65bfeb528bbf886bb253cbb35b
      url: "https://pub.dev"
    source: hosted
    version: "2.4.2"
  password_guard:
    dependency: "direct main"
    description:
      name: password_guard
      sha256: b927a38e1e691e6c06ba59364576f58322fc3a59d61d0188faaba6654e991db9
      url: "https://pub.dev"
    source: hosted
    version: "1.0.5"
  typed_data:
    dependency: transitive
    description:
      name: typed_data
      sha256: f9049c039ebfeb4cf7a7104a675823cd72dba8297f264b6637062516699fa006
      url: "https://pub.dev"
    source: hosted
    version: "1.4.0"
sdks:
  dart: ">=3.5.0 <4.0.0"
